Z2l0aHViLmNvbS9ieXRlZGFuY2Uvc29uaWMgdjEuMTEuNiBoMTpvVXAzNFR6TWxMK09ZMU9VV3hIcXNka2dDL1pmYzg1ekdxdzlzaVhqcmMwPQpnaXRodWIuY29tL2J5dGVkYW5jZS9zb25pYyB2MS4xMS42L2dvLm1vZCBoMTpMeXNFSFN2cHZEeVNWZEMyZjg3ekdXZjZDSUtKY0F2cWFiMVphaVF0ZHM0PQpnaXRodWIuY29tL2J5dGVkYW5jZS9zb25pYy9sb2FkZXIgdjAuMS4xIGgxOmMrZTVQdDFrL2N5NXdNdmVSRHlrMlg0QjloRjRnN2FuOE4zekNZakpGTk09CmdpdGh1Yi5jb20vYnl0ZWRhbmNlL3NvbmljL2xvYWRlciB2MC4xLjEvZ28ubW9kIGgxOm5jUDg5emZva3hTNUxackp4bDV6MFVKY3NrNE00eVkySnBmcUdlQ3ROTFU9CmdpdGh1Yi5jb20vY2xvdWR3ZWdvL2Jhc2U2NHggdjAuMS40IGgxOmp3Q2dXcEZhbldtTjh4b0lVSGEycnR6bWtkNUoycGxGL2RuTFM2WGQvMFk9CmdpdGh1Yi5jb20vY2xvdWR3ZWdvL2Jhc2U2NHggdjAuMS40L2dvLm1vZCBoMTowemxrVDRXbjVDNk5kYXVYZEpSaFNLUmxKdm1jbFExaGhKZ0EwcmN1Lzh3PQpnaXRodWIuY29tL2Nsb3Vkd2Vnby9pYXNtIHYwLjIuMCBoMToxS05JeTFJMUg5aE5ORkVFSDNEVm5JNFV1ak4rMXpqcHVrNmd3SExUc3NnPQpnaXRodWIuY29tL2Nsb3Vkd2Vnby9pYXNtIHYwLjIuMC9nby5tb2QgaDE6OHJYWmFOWVQybjk1am4relRJMXNEcitJZ2NEMkdWczBubGJiUVBpRUZoWT0KZ2l0aHViLmNvbS9jcmVhY2svcHR5IHYxLjEuOS9nby5tb2QgaDE6b0taRXVlRms1Q0tIdkloTlI1TVVraTAzWENFVStRNlZEWGluWnVHSjMzRT0KZ2l0aHViLmNvbS9kYXZlY2doL2dvLXNwZXcgdjEuMS4wL2dvLm1vZCBoMTpKN1k4WWNXMk5paHNnbVZvL212M2xBd2wvc2tPTjRpTEhqU3NJK2M1SDM4PQpnaXRodWIuY29tL2RhdmVjZ2gvZ28tc3BldyB2MS4xLjEgaDE6dmo5ai91MWJxbnZDRWZKT3dVaHRsT0FScXMzK3JrSFlZMTNqWVdUVTk3Yz0KZ2l0aHViLmNvbS9kYXZlY2doL2dvLXNwZXcgdjEuMS4xL2dvLm1vZCBoMTpKN1k4WWNXMk5paHNnbVZvL212M2xBd2wvc2tPTjRpTEhqU3NJK2M1SDM4PQpnaXRodWIuY29tL2dhYnJpZWwtdmFzaWxlL21pbWV0eXBlIHYxLjQuMyBoMTppbjJ1VWNpZEN1RmNES3RkY0J4bFIwckoxK2Zzb2tXZit1cXhnVUZqYkkwPQpnaXRodWIuY29tL2dhYnJpZWwtdmFzaWxlL21pbWV0eXBlIHYxLjQuMy9nby5tb2QgaDE6ZDh1cS82SEtSTDZDR2RrK2F1YmlzRi9NNUdjUGZUN25LeUxwQTBsYlNTaz0KZ2l0aHViLmNvbS9naW4tY29udHJpYi9zc2UgdjAuMS4wIGgxOlkveWwvK1lOTzhHWlNqQWhqTXNTdUx0Mjl1V1JGSGRIWVViNWxZT1Y5cUU9CmdpdGh1Yi5jb20vZ2luLWNvbnRyaWIvc3NlIHYwLjEuMC9nby5tb2QgaDE6UkhyWlFIWG5QMnhqUEYrdTFnVy8ySG5WTzdudklhOVBHM0dtK2ZMSHZHST0KZ2l0aHViLmNvbS9naW4tZ29uaWMvZ2luIHYxLjEwLjAgaDE6blR1eWhhMVRZcWdlZHp5dHNLWXFuYStEZkxvczQ2blR2MnlnRnk4NkhGVT0KZ2l0aHViLmNvbS9naW4tZ29uaWMvZ2luIHYxLjEwLjAvZ28ubW9kIGgxOjRQTU5RaU9odkRSYTAxM1JLVmJzaU53b3llemxtMnJtMHVYL1Q3a3pwNVk9CmdpdGh1Yi5jb20vZ28tcGxheWdyb3VuZC9hc3NlcnQvdjIgdjIuMi4wIGgxOkp2a25ac1FUWWVGRUFoUXdJNHFFdDljeVY1T053UkhDK2xZS1NzWVNSOHM9CmdpdGh1Yi5jb20vZ28tcGxheWdyb3VuZC9hc3NlcnQvdjIgdjIuMi4wL2dvLm1vZCBoMTpWRGpFZmltQi9YS25iK1pRZldkY2NkN1ZVdlNjTWRWdTBUaXRqZTJyeEo0PQpnaXRodWIuY29tL2dvLXBsYXlncm91bmQvbG9jYWxlcyB2MC4xNC4xIGgxOkVXYVEvd3N3amlsZktMVEVDaVh6N1JoKzNCakZoZkRGS3Yvb1hzbEVqSkE9CmdpdGh1Yi5jb20vZ28tcGxheWdyb3VuZC9sb2NhbGVzIHYwLjE0LjEvZ28ubW9kIGgxOmh4cnFMVnZySzY1K1J3cmQ1RmM2RjJPNzZKL051Vzl0MHNqbldxRzFzbFk9CmdpdGh1Yi5jb20vZ28tcGxheWdyb3VuZC91bml2ZXJzYWwtdHJhbnNsYXRvciB2MC4xOC4xIGgxOkJjbm0wWndzR3lXYkN6SW1YditwQUpuWUs5UzQ3M0xRRnV6Q2JEYmZTRlk9CmdpdGh1Yi5jb20vZ28tcGxheWdyb3VuZC91bml2ZXJzYWwtdHJhbnNsYXRvciB2MC4xOC4xL2dvLm1vZCBoMTp4ZWtZK1VKS051WDlXUDkxVHB3U0gyVk1sRGYyOFVqMjRCQ3AwOFpGVFVZPQpnaXRodWIuY29tL2dvLXBsYXlncm91bmQvdmFsaWRhdG9yL3YxMCB2MTAuMjAuMCBoMTpLOUlTSGJTYUkwbHlCMmVXTVBKbytrT1MvRkJFeFZ3akV2aUpUaXhxeEw4PQpnaXRodWIuY29tL2dvLXBsYXlncm91bmQvdmFsaWRhdG9yL3YxMCB2MTAuMjAuMC9nby5tb2QgaDE6ZGJ1UGJDTUZ3L0Rya2JFeW5BcllhQ3dsM2FtR3VKb3RvS0NlOTVhdEdNTT0KZ2l0aHViLmNvbS9nb2NjeS9nby1qc29uIHYwLjEwLjIgaDE6Q3J4Q21RcVlEa3YxejdsTzdXYmgySE45M3VvdlVIZ3JFQ2FPNVpyQ1hBVT0KZ2l0aHViLmNvbS9nb2NjeS9nby1qc29uIHYwLjEwLjIvZ28ubW9kIGgxOjZNZWxHOTNHVVJRZWJYUERxM2toa2dYWmthelZ0TjlDUkkrTUdGaTB3OEk9CmdpdGh1Yi5jb20vZ29sYW5nLWp3dC9qd3QvdjUgdjUuMi4xIGgxOk91VmJGT0R1ZWIwODlMaDEyOFRBY2ltaWZXYUxoSndWZmxucmdNMTd3SGs9CmdpdGh1Yi5jb20vZ29sYW5nLWp3dC9qd3QvdjUgdjUuMi4xL2dvLm1vZCBoMTpwcXJ0RlIwWDRvc2lleUhZeHRtT1VXc0FXcmZlMVE1VVZJeW9INDAyemRrPQpnaXRodWIuY29tL2dvb2dsZS9nby1jbXAgdjAuNS41IGgxOktoeDdzdnJDcG14eHRIQnE1ajJtcC94VmpzaThoUU1mTkx2SkZBbHJHZ1U9CmdpdGh1Yi5jb20vZ29vZ2xlL2dvLWNtcCB2MC41LjUvZ28ubW9kIGgxOnY4ZFRkTGJNRzJrSWMvdkp2bCtmNjVWMjJkYmtYYm93RTZqZ1QvZ05CeEU9CmdpdGh1Yi5jb20vZ29vZ2xlL2dvZnV6eiB2MS4wLjAvZ28ubW9kIGgxOmRCbDBCcFc2dlYvK21ZUFU0UG8zcG1VanhrNkZRUGxkdHVJZGwvTTY1RWc9CmdpdGh1Yi5jb20vam9oby9nb2RvdGVudiB2MS41LjEgaDE6N2VMTC8rSFJHTFkwbGR6ZkdNZVFrYjd2TWQwYXM0Q2ZZdlVWekxxdzBOMD0KZ2l0aHViLmNvbS9qb2hvL2dvZG90ZW52IHYxLjUuMS9nby5tb2QgaDE6ZjRMRHI1Vm9xMGkyZS9SNURETk9vYTJ6ekRmd3RrWmE2RG5Fd0FicXdxND0KZ2l0aHViLmNvbS9qc29uLWl0ZXJhdG9yL2dvIHYxLjEuMTIgaDE6UFY4cGVJNGEweXNuY3pyZytMdHh5a0Q4TGZLWTlNTDZ1MmpueGFFbnJuTT0KZ2l0aHViLmNvbS9qc29uLWl0ZXJhdG9yL2dvIHYxLjEuMTIvZ28ubW9kIGgxOmUzMExTcXdvb1phZS9Vd2xFYlIyODUyR2Q4aGpRdkpvSG1UNFRuaE5HQm89CmdpdGh1Yi5jb20va2xhdXNwb3N0L2NwdWlkL3YyIHYyLjAuOS9nby5tb2QgaDE6RkluUXpTMjQvRUVmMjVQeVRZbjUyZ3FvN1dhRDh4YTAyMTNNZC9xVkxSZz0KZ2l0aHViLmNvbS9rbGF1c3Bvc3QvY3B1aWQvdjIgdjIuMi43IGgxOlpXU0IzaWdFcytkMHF2bnhSL1pCelhWbXhrZ3Q4RGR6UDZtOXBmdVZMRE09CmdpdGh1Yi5jb20va2xhdXNwb3N0L2NwdWlkL3YyIHYyLjIuNy9nby5tb2QgaDE6TGN6OG1CZEFWSklCVnpld3RjTG9jSzEybDNZK0p5dFpZcGFNcm9wRFV3cz0KZ2l0aHViLmNvbS9rbnovZ28tbGliZWRpdCB2MS4xMC4xL2dvLm1vZCBoMTpNWlRWa0NXeXowb0JjN0pPV1Azd05BemQwMDJaYk0vNWhnU2h4d2g0eDhNPQpnaXRodWIuY29tL2tyL3ByZXR0eSB2MC4xLjAvZ28ubW9kIGgxOmRBeTNsZDdsOWYwaWJETk9RT0hITVlZSUliaGZiSFNtM0M0WnNvSk9STm89CmdpdGh1Yi5jb20va3IvcHJldHR5IHYwLjIuMS9nby5tb2QgaDE6aXBxL2EybjdQS3gzT0hzejRLSklJNWV2ZVh0UE80cXdFWEdkVmZXemZuST0KZ2l0aHViLmNvbS9rci9wcmV0dHkgdjAuMy4wIGgxOldnTmw3ZHdOcEVaNmpKOWsxc25xNHBac2c3RE9FTjhoUDlYdzBUc2p3azA9CmdpdGh1Yi5jb20va3IvcHJldHR5IHYwLjMuMC9nby5tb2QgaDE6NjQwZ3A0TmZRZDhwSTVYT3dwNWZuTmVWV2o2N0c3Q0ZrL1NhU1FuN05Caz0KZ2l0aHViLmNvbS9rci9wdHkgdjEuMS4xL2dvLm1vZCBoMTpwRlFZbjY2V0hyT3BQWU5sandPTXFvMTBUa1loMWZ5M2NZaW8ybDNiQ3NRPQpnaXRodWIuY29tL2tyL3RleHQgdjAuMS4wL2dvLm1vZCBoMTo0SmJ2K0RKVzNVVC9MaU93SmVZUWUxZWZxdFV4L2lWaGFtLzR2ZmRBck5JPQpnaXRodWIuY29tL2tyL3RleHQgdjAuMi4wIGgxOjVOeDBZYTBacVkyeWdWMzY2UXp0dXJISTEzSnE5NUFwY1ZhSkJocFMrQVk9CmdpdGh1Yi5jb20va3IvdGV4dCB2MC4yLjAvZ28ubW9kIGgxOmVMZXI3MjJUZWtpR3VNa2lkTXhDL3BNMDRsV0VlcmFIVVVtQnc4bDJnckU9CmdpdGh1Yi5jb20vbGVvZGlkby9nby11cm4gdjEuNC4wIGgxOldUOUh3RTlTR0VDdTNsZzRkL2RJQStqeGxsakVhMS9mZlhLbVJqcWRtSVE9CmdpdGh1Yi5jb20vbGVvZGlkby9nby11cm4gdjEuNC4wL2dvLm1vZCBoMTpidnhjK01WeExLQjR6MDBqZDF6K0R2enI0N29PMzJGL1FTTmpTQk9sRnhJPQpnaXRodWIuY29tL2xpYi9wcSB2MS4xMC45IGgxOllYRzdSQitKSWpoUDI5WCtPdGtpRG5ZYVhRd3BTNEpFV3E3ZHRDQ1JVRXc9CmdpdGh1Yi5jb20vbGliL3BxIHYxLjEwLjkvZ28ubW9kIGgxOkFsVk41eDRFNFQ1NDR0V3pINmhLZmJmUXZtM0hkYk94cm1nZ0ROQVBZOW89CmdpdGh1Yi5jb20vbWF0dG4vZ28taXNhdHR5IHYwLjAuMjAgaDE6eGZEMGlEdUVLbkRrbDAzcTRsaW1CK3ZIK0d4TEV0TC9qYjR4VkpTV1dFWT0KZ2l0aHViLmNvbS9tYXR0bi9nby1pc2F0dHkgdjAuMC4yMC9nby5tb2QgaDE6VytWOFBsdFRUTU92S3ZBZUpIN0l1dWNTOTRTMkM2amZLL0Q3ZFRDVG8zWT0KZ2l0aHViLmNvbS9tb2Rlcm4tZ28vY29uY3VycmVudCB2MC4wLjAtMjAxODAyMjgwNjE0NTktZTBhMzlhNGNiNDIxL2dvLm1vZCBoMTo2ZEpDMG1BUDRpa1lJYnZ5YzdmaWpqV0pkZFF5TG44SWczSkI1Q3FvQjlRPQpnaXRodWIuY29tL21vZGVybi1nby9jb25jdXJyZW50IHYwLjAuMC0yMDE4MDMwNjAxMjY0NC1iYWNkOWM3ZWYxZGQgaDE6VFJMYVo5Y0QvdzhQVmg5M25zUFhhMVZyUTZqbHdMNW9OOGwxNFFsY05mZz0KZ2l0aHViLmNvbS9tb2Rlcm4tZ28vY29uY3VycmVudCB2MC4wLjAtMjAxODAzMDYwMTI2NDQtYmFjZDljN2VmMWRkL2dvLm1vZCBoMTo2ZEpDMG1BUDRpa1lJYnZ5YzdmaWpqV0pkZFF5TG44SWczSkI1Q3FvQjlRPQpnaXRodWIuY29tL21vZGVybi1nby9yZWZsZWN0MiB2MS4wLjIgaDE6eEJhZ29MdEZzOTRDQm50eGx1S2VhV2dUTXB2THhDNHVyM25NYUM5R3owTT0KZ2l0aHViLmNvbS9tb2Rlcm4tZ28vcmVmbGVjdDIgdjEuMC4yL2dvLm1vZCBoMTp5V3Vldm5nTU9KcEN5NTJGV1dNdlVDOHdzN20vTEpzall6RGEwL3I4bHVrPQpnaXRodWIuY29tL3BlbGxldGllci9nby10b21sL3YyIHYyLjIuMiBoMTphWVVpZFQ3azczUGNsOW5iMmdTY3U3TlNyS0NTSElERTg5YjMrNldxK0xNPQpnaXRodWIuY29tL3BlbGxldGllci9nby10b21sL3Yy IHYyLjIuMi9nby5tb2QgaDE6MXQ4MzV4alJ6ejgwUHFnRTZISGdOMkpPc21nWXUvaDRxREFTNG45MjlScz0KZ2l0aHViLmNvbS9wa2cvZGlmZiB2MC4wLjAtMjAyMTAyMjYxNjMwMDktMjBlYmIwZjJhMDllL2dvLm1vZCBoMTpwSkxVeExFTnBaeHdkc0tNRXNOYngxVkdjUkZwTHFmMzcxNU10Y3Z2emJBPQpnaXRodWIuY29tL3BtZXphcmQvZ28tZGlmZmxpYiB2MS4wLjAgaDE6NERCd0RFME5HeVFvQkhiTFFZUHdTVVBvQ01XUjVCRXpJay9mMWxaYkFRTT0KZ2l0aHViLmNvbS9wbWV6YXJkL2dvLWRpZmZsaWIgdjEuMC4wL2dvLm1vZCBoMTppS0g3N2tvRmhZeFRLMXBjUm5rS2txZlRvZ3NiZzdnWk5WWTRzUkRZWi80PQpnaXRodWIuY29tL3JvZ3BlcHBlL2dvLWludGVybmFsIHYxLjYuMS9nby5tb2QgaDE6eFhEQ0pZK0dBUHppdXBxWHc2NFYyNHNrYlNvcWJURWZoeTRxR20xbkRRYz0KZ2l0aHViLmNvbS9yb2dwZXBwZS9nby1pbnRlcm5hbCB2MS44LjAgaDE6RkNiQ0N0WE5PWTNVdFV1SFVZYWdoSmc0eTdGZDE0clhpZkFZVUF0TDlSOD0KZ2l0aHViLmNvbS9yb2dwZXBwZS9nby1pbnRlcm5hbCB2MS44LjAvZ28ubW9kIGgxOldtaUNPOEN6T1k4cmcwT1lEQzQvaS8yV1JXQUI2cG9NK1haMmRMVWJjYkU9CmdpdGh1Yi5jb20vc3RyZXRjaHIvb2JqeCB2MC4xLjAvZ28ubW9kIGgxOkhGa1k5MTZJRityd2REZk1Ba1Y3T3R3dXFCVnpyRThHUjZHRngrd0V4TUU9CmdpdGh1Yi5jb20vc3RyZXRjaHIvb2JqeCB2MC40LjAvZ28ubW9kIGgxOll2SEkwankyaG9NakIrVVd3djcxVkpROWlzU2NLVC9UcUp6VlNTdDg5WXc9CmdpdGh1Yi5jb20vc3RyZXRjaHIvb2JqeCB2MC41LjAvZ28ubW9kIGgxOlloK3RvNDhFc0dFZll1YUhEelhQY0UzeGhUa3g3M0VobUNHVXBFT2dsS289CmdpdGh1Yi5jb20vc3RyZXRjaHIvb2JqeCB2MC41LjIvZ28ubW9kIGgxOkZSc1hOMWY1QXNBakNHSktxRWl6dmtwTnRVK0VHTkNMaDNOeFovOEwrTUE9CmdpdGh1Yi5jb20vc3RyZXRjaHIvdGVzdGlmeSB2MS4zLjAvZ28ubW9kIGgxOk01V0l5OURoMjFJRUlmbkdDd1hHYzViWmZLTkp0ZkhtMVVWVWdabis5RUk9CmdpdGh1Yi5jb20vc3RyZXRjaHIvdGVzdGlmeSB2MS43LjAvZ28ubW9kIGgxOjZGcThvUmNSNTNycnk5MDB6TXFKalJSaXhyd1gzS1g5NjIvaC9Xd2p0ZWc9CmdpdGh1Yi5jb20vc3RyZXRjaHIvdGVzdGlmeSB2MS43LjEvZ28ubW9kIGgxOjZGcThvUmNSNTNycnk5MDB6TXFKalJSaXhyd1gzS1g5NjIvaC9Xd2p0ZWc9CmdpdGh1Yi5jb20vc3RyZXRjaHIvdGVzdGlmeSB2MS44LjAvZ28ubW9kIGgxOnlOakhnNFVvbmlsc3NXWjhpYVNqMU9Dci92SG5la1BSa29PK2tkTVUrTVU9CmdpdGh1Yi5jb20vc3RyZXRjaHIvdGVzdGlmeSB2MS44LjEvZ28ubW9kIGgxOncyTFBDSUt3V3dTZlkyemVkdTAra2VoSm9xR2N0aVZJMjlvNmZ6cnk3dTQ9CmdpdGh1Yi5jb20vc3RyZXRjaHIvdGVzdGlmeSB2MS44LjQvZ28ubW9kIGgxOnN6L2xtWUlPWEQvMWRxRG1KampxTHlaMlJuZ3NlZWpJY1hsU3cyaXdmQW89CmdpdGh1Yi5jb20vc3RyZXRjaHIvdGVzdGlmeSB2MS45LjAgaDE6SHRxcElWRENsWjRud2c3NStmNkx2c3kvd0h1KzNCb1NHQ2JCQWNwVHNUZz0KZ2l0aHViLmNvbS9zdHJldGNoci90ZXN0aWZ5IHYxLjkuMC9nby5tb2QgaDE6cjJpYy9scWV6L2xFdHpMN3dPL3J3YTVkYlNMWFZEUEZ5ZjhDOTFpMzZhWT0KZ2l0aHViLmNvbS90d2l0Y2h5bGlxdWlkNjQvZ29sYW5nLWFzbSB2MC4xNS4xIGgxOlNVNXZTTVI3aG53TnhqMjR3MzRaeUNpL0ZtRFpUa1M0TWhxTWhkRms1WUk9CmdpdGh1Yi5jb20vdHdpdGNoeWxpcXVpZDY0L2dvbGFuZy1hc20gdjAuMTUuMS9nby5tb2QgaDE6YTFsVmIvRHRQdkNCOGZzbFJaaEFuZ0MyK2FZMVFXQ2szQ2Vkai9HZHQwOD0KZ2l0aHViLmNvbS91Z29yamkvZ28vY29kZWMgdjEuMi4xMiBoMTo5TEM4M3pHckhodVVBOWwxNkM5QUhYQXFFVi8yd0JRNG5rdnVtQUU2NUVFPQpnaXRodWIuY29tL3Vnb3JqaS9nby9jb2RlYyB2MS4yLjEyL2dvLm1vZCBoMTpVTm9wekNnRU1TWGpCYzZBT01xWXZXQzFrdHFUQWZ6SlpVWmdZZjZ3NmxnPQpnb2xhbmcub3JnL3gvYXJjaCB2MC4wLjAtMjAyMTA5MjMyMDU5NDUtYjc2ODYzZTM2NjcwL2dvLm1vZCBoMTo1b204Nno5SHMwQzhmV1ZVdW9NSHdwRXhsWHpzNVRreXA5aE9yZkc3cHA4PQpnb2xhbmcub3JnL3gvYXJjaCB2MC44LjAgaDE6M3dSSXNQM3BNNHlVcHRvUjk2b3RUVU9YSTM2N09TMCtjOWVlUmk5ZG9JYz0KZ29sYW5nLm9yZy94L2FyY2ggdjAuOC4wL2dvLm1vZCBoMTpGRVZyWUFRanNRWE1WSjFuc01vVlZYUFpnNnAySkUybXg4cHNTV1REUXlzPQpnb2xhbmcub3JnL3gvc3lzIHYwLjI4LjAgaDE6R0JEd3NNWFZRaTM0djVDQ1lVbTJqa0p2dTRjYnRydTJVNFROMlBTeVFudz0KZ29sYW5nLm9yZy94L2NyeXB0byB2MC4yOC4wL2dvLm1vZCBoMTpybWd5KzNSSHhSWk15WTBqakFKU2hwMnpnRWRPcWoyQU83VTBwWW1lUTdVPQpnb2xhbmcub3JnL3gvc2lzIHYwLjI1LjAgaDE6ZC9PQ0NvQkVVcTMzcGp5ZEtyR1FodzdJbFVQSTJPeWxyKzhxTHg0OWthYz0KZ29sYW5nLm9yZy94L25ldCB2MC4yNS4wIGgxOktkeVBFK0lnYmUwalFVclZmTXFETWVKUUlKWkV1eVY3cGpZbXA2cGJHNTA9CnZvbGxlZyB...